
Microsoft Visual Studio Solution File, Format Version 12.00
# Visual Studio 15
VisualStudioVersion = 15.0.28307.779
MinimumVisualStudioVersion = 10.0.40219.1
Project("{FAE04EC0-301F-11D3-BF4B-00C04F79EFBC}") = "工艺战舰船只设计参考", "工艺战舰船只设计参考\工艺战舰船只设计参考.csproj", "{2E1ACCDC-0E89-4B83-AAE1-302FAE9B77F1}"
EndProject
Global
	GlobalSection(SolutionConfigurationPlatforms) = preSolution
		Debug|Any CPU = Debug|Any CPU
		Release|Any CPU = Release|Any CPU
	EndGlobalSection
	GlobalSection(ProjectConfigurationPlatforms) = postSolution
		{2E1ACCDC-0E89-4B83-AAE1-302FAE9B77F1}.Debug|Any CPU.ActiveCfg = Debug|Any CPU
		{2E1ACCDC-0E89-4B83-AAE1-302FAE9B77F1}.Debug|Any CPU.Build.0 = Debug|Any CPU
		{2E1ACCDC-0E89-4B83-AAE1-302FAE9B77F1}.Release|Any CPU.ActiveCfg = Release|Any CPU
		{2E1ACCDC-0E89-4B83-AAE1-302FAE9B77F1}.Release|Any CPU.Build.0 = Release|Any CPU
	EndGlobalSection
	GlobalSection(SolutionProperties) = preSolution
		HideSolutionNode = FALSE
	EndGlobalSection
	GlobalSection(ExtensibilityGlobals) = postSolution
		SolutionGuid = {263D94E9-3A98-429D-9859-1F6CD9A5CF23}
	EndGlobalSection
EndGlobal
